# THIS IS AN AUTOGENERATED FILE. DO NOT EDIT THIS FILE DIRECTLY.
# yarn lockfile v1


"@babel/code-frame@^7.0.0":
  version "7.0.0"
  resolved "https://registry.npmjs.org/@babel/code-frame/-/code-frame-7.0.0.tgz#06e2ab19bdb535385559aabb5ba59729482800f8"
  dependencies:
    "@babel/highlight" "^7.0.0"

"@babel/core@^7.1.0":
  version "7.1.0"
  resolved "https://registry.npmjs.org/@babel/core/-/core-7.1.0.tgz#08958f1371179f62df6966d8a614003d11faeb04"
  dependencies:
    "@babel/code-frame" "^7.0.0"
    "@babel/generator" "^7.0.0"
    "@babel/helpers" "^7.1.0"
    "@babel/parser" "^7.1.0"
    "@babel/template" "^7.1.0"
    "@babel/traverse" "^7.1.0"
    "@babel/types" "^7.0.0"
    convert-source-map "^1.1.0"
    debug "^3.1.0"
    json5 "^0.5.0"
    lodash "^4.17.10"
    resolve "^1.3.2"
    semver "^5.4.1"
    source-map "^0.5.0"

"@babel/generator@^7.0.0":
  version "7.0.0"
  resolved "https://registry.npmjs.org/@babel/generator/-/generator-7.0.0.tgz#1efd58bffa951dc846449e58ce3a1d7f02d393aa"
  dependencies:
    "@babel/types" "^7.0.0"
    jsesc "^2.5.1"
    lodash "^4.17.10"
    source-map "^0.5.0"
    trim-right "^1.0.1"

"@babel/helper-function-name@^7.1.0":
  version "7.1.0"
  resolved "https://registry.npmjs.org/@babel/helper-function-name/-/helper-function-name-7.1.0.tgz#a0ceb01685f73355d4360c1247f582bfafc8ff53"
  dependencies:
    "@babel/helper-get-function-arity" "^7.0.0"
    "@babel/template" "^7.1.0"
    "@babel/types" "^7.0.0"

"@babel/helper-get-function-arity@^7.0.0":
  version "7.0.0"
  resolved "https://registry.npmjs.org/@babel/helper-get-function-arity/-/helper-get-function-arity-7.0.0.tgz#83572d4320e2a4657263734113c42868b64e49c3"
  dependencies:
    "@babel/types" "^7.0.0"

"@babel/helper-plugin-utils@^7.0.0":
  version "7.0.0"
  resolved "https://registry.npmjs.org/@babel/helper-plugin-utils/-/helper-plugin-utils-7.0.0.tgz#bbb3fbee98661c569034237cc03967ba99b4f250"

"@babel/helper-split-export-declaration@^7.0.0":
  version "7.0.0"
  resolved "https://registry.npmjs.org/@babel/helper-split-export-declaration/-/helper-split-export-declaration-7.0.0.tgz#3aae285c0311c2ab095d997b8c9a94cad547d813"
  dependencies:
    "@babel/types" "^7.0.0"

"@babel/helpers@^7.1.0":
  version "7.1.0"
  resolved "https://registry.npmjs.org/@babel/helpers/-/helpers-7.1.0.tgz#429bf0f0020be56a4242883432084e3d70a8a141"
  dependencies:
    "@babel/template" "^7.1.0"
    "@babel/traverse" "^7.1.0"
    "@babel/types" "^7.0.0"

"@babel/highlight@^7.0.0":
  version "7.0.0"
  resolved "https://registry.npmjs.org/@babel/highlight/-/highlight-7.0.0.tgz#f710c38c8d458e6dd9a201afb637fcb781ce99e4"
  dependencies:
    chalk "^2.0.0"
    esutils "^2.0.2"
    js-tokens "^4.0.0"

"@babel/parser@^7.1.0":
  version "7.1.0"
  resolved "https://registry.npmjs.org/@babel/parser/-/parser-7.1.0.tgz#a7cd42cb3c12aec52e24375189a47b39759b783e"

"@babel/plugin-proposal-object-rest-spread@^7.0.0":
  version "7.0.0"
  resolved "https://registry.npmjs.org/@babel/plugin-proposal-object-rest-spread/-/plugin-proposal-object-rest-spread-7.0.0.tgz#9a17b547f64d0676b6c9cecd4edf74a82ab85e7e"
  dependencies:
    "@babel/helper-plugin-utils" "^7.0.0"
    "@babel/plugin-syntax-object-rest-spread" "^7.0.0"

"@babel/plugin-syntax-object-rest-spread@^7.0.0":
  version "7.0.0"
  resolved "https://registry.npmjs.org/@babel/plugin-syntax-object-rest-spread/-/plugin-syntax-object-rest-spread-7.0.0.tgz#37d8fbcaf216bd658ea1aebbeb8b75e88ebc549b"
  dependencies:
    "@babel/helper-plugin-utils" "^7.0.0"

"@babel/template@^7.1.0":
  version "7.1.0"
  resolved "https://registry.npmjs.org/@babel/template/-/template-7.1.0.tgz#58cc9572e1bfe24fe1537fdf99d839d53e517e22"
  dependencies:
    "@babel/code-frame" "^7.0.0"
    "@babel/parser" "^7.1.0"
    "@babel/types" "^7.0.0"

"@babel/traverse@^7.1.0":
  version "7.1.0"
  resolved "https://registry.npmjs.org/@babel/traverse/-/traverse-7.1.0.tgz#503ec6669387efd182c3888c4eec07bcc45d91b2"
  dependencies:
    "@babel/code-frame" "^7.0.0"
    "@babel/generator" "^7.0.0"
    "@babel/helper-function-name" "^7.1.0"
    "@babel/helper-split-export-declaration" "^7.0.0"
    "@babel/parser" "^7.1.0"
    "@babel/types" "^7.0.0"
    debug "^3.1.0"
    globals "^11.1.0"
    lodash "^4.17.10"

"@babel/types@^7.0.0":
  version "7.0.0"
  resolved "https://registry.npmjs.org/@babel/types/-/types-7.0.0.tgz#6e191793d3c854d19c6749989e3bc55f0e962118"
  dependencies:
    esutils "^2.0.2"
    lodash "^4.17.10"
    to-fast-properties "^2.0.0"

ansi-styles@^3.2.1:
  version "3.2.1"
  resolved "https://registry.npmjs.org/ansi-styles/-/ansi-styles-3.2.1.tgz#41fbb20243e50b12be0f04b8dedbf07520ce841d"
  dependencies:
    color-convert "^1.9.0"

babel-loader@^8.0.2:
  version "8.0.2"
  resolved "https://registry.npmjs.org/babel-loader/-/babel-loader-8.0.2.tgz#2079b8ec1628284a929241da3d90f5b3de2a5ae5"
  dependencies:
    find-cache-dir "^1.0.0"
    loader-utils "^1.0.2"
    mkdirp "^0.5.1"
    util.promisify "^1.0.0"

big.js@^3.1.3:
  version "3.2.0"
  resolved "https://registry.npmjs.org/big.js/-/big.js-3.2.0.tgz#a5fc298b81b9e0dca2e458824784b65c52ba588e"

chalk@^2.0.0:
  version "2.4.1"
  resolved "https://registry.npmjs.org/chalk/-/chalk-2.4.1.tgz#18c49ab16a037b6eb0152cc83e3471338215b66e"
  dependencies:
    ansi-styles "^3.2.1"
    escape-string-regexp "^1.0.5"
    supports-color "^5.3.0"

color-convert@^1.9.0:
  version "1.9.3"
  resolved "https://registry.npmjs.org/color-convert/-/color-convert-1.9.3.tgz#bb71850690e1f136567de629d2d5471deda4c1e8"
  dependencies:
    color-name "1.1.3"

color-name@1.1.3:
  version "1.1.3"
  resolved "https://registry.npmjs.org/color-name/-/color-name-1.1.3.tgz#a7d0558bd89c42f795dd42328f740831ca53bc25"

commondir@^1.0.1:
  version "1.0.1"
  resolved "https://registry.npmjs.org/commondir/-/commondir-1.0.1.tgz#ddd800da0c66127393cca5950ea968a3aaf1253b"

convert-source-map@^1.1.0:
  version "1.6.0"
  resolved "https://registry.npmjs.org/convert-source-map/-/convert-source-map-1.6.0.tgz#51b537a8c43e0f04dec1993bffcdd504e758ac20"
  dependencies:
    safe-buffer "~5.1.1"

debug@^3.1.0:
  version "3.2.5"
  resolved "https://registry.npmjs.org/debug/-/debug-3.2.5.tgz#c2418fbfd7a29f4d4f70ff4cea604d4b64c46407"
  dependencies:
    ms "^2.1.1"

define-properties@^1.1.2:
  version "1.1.3"
  resolved "https://registry.npmjs.org/define-properties/-/define-properties-1.1.3.tgz#cf88da6cbee26fe6db7094f61d870cbd84cee9f1"
  dependencies:
    object-keys "^1.0.12"

emojis-list@^2.0.0:
  version "2.1.0"
  resolved "https://registry.npmjs.org/emojis-list/-/emojis-list-2.1.0.tgz#4daa4d9db00f9819880c79fa457ae5b09a1fd389"

es-abstract@^1.5.1:
  version "1.12.0"
  resolved "https://registry.npmjs.org/es-abstract/-/es-abstract-1.12.0.tgz#9dbbdd27c6856f0001421ca18782d786bf8a6165"
  dependencies:
    es-to-primitive "^1.1.1"
    function-bind "^1.1.1"
    has "^1.0.1"
    is-callable "^1.1.3"
    is-regex "^1.0.4"

es-to-primitive@^1.1.1:
  version "1.1.1"
  resolved "https://registry.npmjs.org/es-to-primitive/-/es-to-primitive-1.1.1.tgz#45355248a88979034b6792e19bb81f2b7975dd0d"
  dependencies:
    is-callable "^1.1.1"
    is-date-object "^1.0.1"
    is-symbol "^1.0.1"

escape-string-regexp@^1.0.5:
  version "1.0.5"
  resolved "https://registry.npmjs.org/escape-string-regexp/-/escape-string-regexp-1.0.5.tgz#1b61c0562190a8dff6ae3bb2cf0200ca130b86d4"

esutils@^2.0.2:
  version "2.0.2"
  resolved "https://registry.npmjs.org/esutils/-/esutils-2.0.2.tgz#0abf4f1caa5bcb1f7a9d8acc6dea4faaa04bac9b"

find-cache-dir@^1.0.0:
  version "1.0.0"
  resolved "https://registry.npmjs.org/find-cache-dir/-/find-cache-dir-1.0.0.tgz#9288e3e9e3cc3748717d39eade17cf71fc30ee6f"
  dependencies:
    commondir "^1.0.1"
    make-dir "^1.0.0"
    pkg-dir "^2.0.0"

find-up@^2.1.0:
  version "2.1.0"
  resolved "https://registry.npmjs.org/find-up/-/find-up-2.1.0.tgz#45d1b7e506c717ddd482775a2b77920a3c0c57a7"
  dependencies:
    locate-path "^2.0.0"

function-bind@^1.1.1:
  version "1.1.1"
  resolved "https://registry.npmjs.org/function-bind/-/function-bind-1.1.1.tgz#a56899d3ea3c9bab874bb9773b7c5ede92f4895d"

globals@^11.1.0:
  version "11.7.0"
  resolved "https://registry.npmjs.org/globals/-/globals-11.7.0.tgz#a583faa43055b1aca771914bf68258e2fc125673"

has-flag@^3.0.0:
  version "3.0.0"
  resolved "https://registry.npmjs.org/has-flag/-/has-flag-3.0.0.tgz#b5d454dc2199ae225699f3467e5a07f3b955bafd"

has@^1.0.1:
  version "1.0.3"
  resolved "https://registry.npmjs.org/has/-/has-1.0.3.tgz#722d7cbfc1f6aa8241f16dd814e011e1f41e8796"
  dependencies:
    function-bind "^1.1.1"

is-callable@^1.1.1, is-callable@^1.1.3:
  version "1.1.4"
  resolved "https://registry.npmjs.org/is-callable/-/is-callable-1.1.4.tgz#1e1adf219e1eeb684d691f9d6a05ff0d30a24d75"

is-date-object@^1.0.1:
  version "1.0.1"
  resolved "https://registry.npmjs.org/is-date-object/-/is-date-object-1.0.1.tgz#9aa20eb6aeebbff77fbd33e74ca01b33581d3a16"

is-regex@^1.0.4:
  version "1.0.4"
  resolved "https://registry.npmjs.org/is-regex/-/is-regex-1.0.4.tgz#5517489b547091b0930e095654ced25ee97e9491"
  dependencies:
    has "^1.0.1"

is-symbol@^1.0.1:
  version "1.0.1"
  resolved "https://registry.npmjs.org/is-symbol/-/is-symbol-1.0.1.tgz#3cc59f00025194b6ab2e38dbae6689256b660572"

js-tokens@^4.0.0:
  version "4.0.0"
  resolved "https://registry.npmjs.org/js-tokens/-/js-tokens-4.0.0.tgz#19203fb59991df98e3a287050d4647cdeaf32499"

jsesc@^2.5.1:
  version "2.5.1"
  resolved "https://registry.npmjs.org/jsesc/-/jsesc-2.5.1.tgz#e421a2a8e20d6b0819df28908f782526b96dd1fe"

json5@^0.5.0:
  version "0.5.1"
  resolved "https://registry.npmjs.org/json5/-/json5-0.5.1.tgz#1eade7acc012034ad84e2396767ead9fa5495821"

loader-utils@^1.0.2:
  version "1.1.0"
  resolved "https://registry.npmjs.org/loader-utils/-/loader-utils-1.1.0.tgz#c98aef488bcceda2ffb5e2de646d6a754429f5cd"
  dependencies:
    big.js "^3.1.3"
    emojis-list "^2.0.0"
    json5 "^0.5.0"

locate-path@^2.0.0:
  version "2.0.0"
  resolved "https://registry.npmjs.org/locate-path/-/locate-path-2.0.0.tgz#2b568b265eec944c6d9c0de9c3dbbbca0354cd8e"
  dependencies:
    p-locate "^2.0.0"
    path-exists "^3.0.0"

lodash@^4.17.10:
  version "4.17.11"
  resolved "https://registry.npmjs.org/lodash/-/lodash-4.17.11.tgz#b39ea6229ef607ecd89e2c8df12536891cac9b8d"

make-dir@^1.0.0:
  version "1.3.0"
  resolved "https://registry.npmjs.org/make-dir/-/make-dir-1.3.0.tgz#79c1033b80515bd6d24ec9933e860ca75ee27f0c"
  dependencies:
    pify "^3.0.0"

minimist@0.0.8:
  version "0.0.8"
  resolved "http://registry.npmjs.org/minimist/-/minimist-0.0.8.tgz#857fcabfc3397d2625b8228262e86aa7a011b05d"

mkdirp@^0.5.1:
  version "0.5.1"
  resolved "http://registry.npmjs.org/mkdirp/-/mkdirp-0.5.1.tgz#30057438eac6cf7f8c4767f38648d6697d75c903"
  dependencies:
    minimist "0.0.8"

ms@^2.1.1:
  version "2.1.1"
  resolved "https://registry.npmjs.org/ms/-/ms-2.1.1.tgz#30a5864eb3ebb0a66f2ebe6d727af06a09d86e0a"

object-keys@^1.0.12:
  version "1.0.12"
  resolved "https://registry.npmjs.org/object-keys/-/object-keys-1.0.12.tgz#09c53855377575310cca62f55bb334abff7b3ed2"

object-param@^1.0.2:
  version "1.0.2"
  resolved "https://registry.npmjs.org/object-param/-/object-param-1.0.2.tgz#69ba99261e8860153c9673ab361e9a270f46a27e"

object.getownpropertydescriptors@^2.0.3:
  version "2.0.3"
  resolved "https://registry.npmjs.org/object.getownpropertydescriptors/-/object.getownpropertydescriptors-2.0.3.tgz#8758c846f5b407adab0f236e0986f14b051caa16"
  dependencies:
    define-properties "^1.1.2"
    es-abstract "^1.5.1"

p-limit@^1.1.0:
  version "1.3.0"
  resolved "https://registry.npmjs.org/p-limit/-/p-limit-1.3.0.tgz#b86bd5f0c25690911c7590fcbfc2010d54b3ccb8"
  dependencies:
    p-try "^1.0.0"

p-locate@^2.0.0:
  version "2.0.0"
  resolved "https://registry.npmjs.org/p-locate/-/p-locate-2.0.0.tgz#20a0103b222a70c8fd39cc2e580680f3dde5ec43"
  dependencies:
    p-limit "^1.1.0"

p-try@^1.0.0:
  version "1.0.0"
  resolved "https://registry.npmjs.org/p-try/-/p-try-1.0.0.tgz#cbc79cdbaf8fd4228e13f621f2b1a237c1b207b3"

path-exists@^3.0.0:
  version "3.0.0"
  resolved "https://registry.npmjs.org/path-exists/-/path-exists-3.0.0.tgz#ce0ebeaa5f78cb18925ea7d810d7b59b010fd515"

path-parse@^1.0.5:
  version "1.0.6"
  resolved "https://registry.npmjs.org/path-parse/-/path-parse-1.0.6.tgz#d62dbb5679405d72c4737ec58600e9ddcf06d24c"

pify@^3.0.0:
  version "3.0.0"
  resolved "https://registry.npmjs.org/pify/-/pify-3.0.0.tgz#e5a4acd2c101fdf3d9a4d07f0dbc4db49dd28176"

pkg-dir@^2.0.0:
  version "2.0.0"
  resolved "https://registry.npmjs.org/pkg-dir/-/pkg-dir-2.0.0.tgz#f6d5d1109e19d63edf428e0bd57e12777615334b"
  dependencies:
    find-up "^2.1.0"

resolve@^1.3.2:
  version "1.8.1"
  resolved "https://registry.npmjs.org/resolve/-/resolve-1.8.1.tgz#82f1ec19a423ac1fbd080b0bab06ba36e84a7a26"
  dependencies:
    path-parse "^1.0.5"

safe-buffer@~5.1.1:
  version "5.1.2"
  resolved "https://registry.npmjs.org/safe-buffer/-/safe-buffer-5.1.2.tgz#991ec69d296e0313747d59bdfd2b745c35f8828d"

semver@^5.4.1:
  version "5.5.1"
  resolved "https://registry.npmjs.org/semver/-/semver-5.5.1.tgz#7dfdd8814bdb7cabc7be0fb1d734cfb66c940477"

source-map@^0.5.0:
  version "0.5.7"
  resolved "https://registry.npmjs.org/source-map/-/source-map-0.5.7.tgz#8a039d2d1021d22d1ea14c80d8ea468ba2ef3fcc"

supports-color@^5.3.0:
  version "5.5.0"
  resolved "https://registry.npmjs.org/supports-color/-/supports-color-5.5.0.tgz#e2e69a44ac8772f78a1ec0b35b689df6530efc8f"
  dependencies:
    has-flag "^3.0.0"

to-fast-properties@^2.0.0:
  version "2.0.0"
  resolved "https://registry.npmjs.org/to-fast-properties/-/to-fast-properties-2.0.0.tgz#dc5e698cbd079265bc73e0377681a4e4e83f616e"

trim-right@^1.0.1:
  version "1.0.1"
  resolved "https://registry.npmjs.org/trim-right/-/trim-right-1.0.1.tgz#cb2e1203067e0c8de1f614094b9fe45704ea6003"

util.promisify@^1.0.0:
  version "1.0.0"
  resolved "https://registry.npmjs.org/util.promisify/-/util.promisify-1.0.0.tgz#440f7165a459c9a16dc145eb8e72f35687097030"
  dependencies:
    define-properties "^1.1.2"
    object.getownpropertydescriptors "^2.0.3"

whatwg-fetch@^2.0.4:
  version "2.0.4"
  resolved "http://registry.npmjs.org/whatwg-fetch/-/whatwg-fetch-2.0.4.tgz#dde6a5df315f9d39991aa17621853d720b85566f"
